
Microsoft Visual Studio Solution File, Format Version 12.00
# Visual Studio Version 17
VisualStudioVersion = 17.3.32929.385
MinimumVisualStudioVersion = 10.0.40219.1
Project("{2150E333-8FDC-42A3-9474-1A3956D46DE8}") = "src", "src", "{AC05962C-9534-4BA4-9B22-8C711A60972B}"
EndProject
Project("{2150E333-8FDC-42A3-9474-1A3956D46DE8}") = "Building blocks", "Building blocks", "{7F19305D-66E5-473E-A3D0-3A6A1A9BE4B6}"
EndProject
Project("{2150E333-8FDC-42A3-9474-1A3956D46DE8}") = "Services", "Services", "{39CA91E7-12A5-4869-9430-8A3A757F7591}"
EndProject
Project("{2150E333-8FDC-42A3-9474-1A3956D46DE8}") = "Web", "Web", "{FA02384B-F700-462B-BFA4-1742CD41D915}"
EndProject
Project("{2150E333-8FDC-42A3-9474-1A3956D46DE8}") = "MVC", "MVC", "{C9946B01-690D-480F-ADCA-F2ACED7FD87F}"
EndProject
Project("{2150E333-8FDC-42A3-9474-1A3956D46DE8}") = "Indentidade", "Indentidade", "{72D456EC-B5D6-4001-89B6-521560B75664}"
EndProject
Project("{2150E333-8FDC-42A3-9474-1A3956D46DE8}") = "Core", "Core", "{3FB9A50D-B860-42D5-87A1-BE1ACE6B5701}"
EndProject
Project("{9A19103F-16F7-4668-BE54-9A1E7A4F7556}") = "NSE.Core", "src\BuildingBlocks\NSE.Core\NSE.Core.csproj", "{8530CE9A-232D-43F1-87D3-667C579D2851}"
EndProject
Project("{9A19103F-16F7-4668-BE54-9A1E7A4F7556}") = "NSE.Indentidade.API", "src\Services\NSE.Indentidade.API\NSE.Indentidade.API.csproj", "{AF840D0A-AB93-490E-AEB8-BE2FDDA2EADA}"
EndProject
Project("{9A19103F-16F7-4668-BE54-9A1E7A4F7556}") = "NSE.WebApp.MVC", "src\Web\NSE.WebApp.MVC\NSE.WebApp.MVC.csproj", "{0A221F92-6B96-4C90-BA88-7ACB583E324E}"
EndProject
Project("{2150E333-8FDC-42A3-9474-1A3956D46DE8}") = "Carrinho", "Carrinho", "{5A6CEE2B-16C7-4370-9BBD-86AC94BD23F6}"
EndProject
Project("{2150E333-8FDC-42A3-9474-1A3956D46DE8}") = "Catalogo", "Catalogo", "{C269D6CF-1681-48E2-BF08-4E48801C0B4D}"
EndProject
Project("{2150E333-8FDC-42A3-9474-1A3956D46DE8}") = "Cliente", "Cliente", "{C61C8C8F-43A8-4678-9ED0-8EB0A13E8041}"
EndProject
Project("{2150E333-8FDC-42A3-9474-1A3956D46DE8}") = "Pagamento", "Pagamento", "{096E2183-294B-4FDC-A2FD-03C21E0719A0}"
EndProject
Project("{2150E333-8FDC-42A3-9474-1A3956D46DE8}") = "Pedido", "Pedido", "{9F8C82F8-4847-4047-B97C-9C3923586A04}"
EndProject
Project("{FAE04EC0-301F-11D3-BF4B-00C04F79EFBC}") = "NSE.Carrinho.API", "src\Services\NSE.Carrinho.API\NSE.Carrinho.API.csproj", "{4ADFD047-CB07-4CA2-9FC5-98877296B86C}"
EndProject
Project("{FAE04EC0-301F-11D3-BF4B-00C04F79EFBC}") = "NSE.Catalogo.API", "src\Services\NSE.Catalogo.API\NSE.Catalogo.API.csproj", "{D79208CE-A2E8-4407-9762-6DCF36C39A1F}"
EndProject
Project("{FAE04EC0-301F-11D3-BF4B-00C04F79EFBC}") = "NSE.Cliente.API", "src\Services\NSE.Cliente.API\NSE.Cliente.API.csproj", "{D2B5822E-0B3E-4444-A9C7-88364E5040AD}"
EndProject
Project("{FAE04EC0-301F-11D3-BF4B-00C04F79EFBC}") = "NSE.Pagamento.API", "src\Services\NSE.Pagamento.API\NSE.Pagamento.API.csproj", "{8D60FA39-5541-4000-9F24-1736FB9B3DA3}"
EndProject
Project("{FAE04EC0-301F-11D3-BF4B-00C04F79EFBC}") = "NSE.Pedido.API", "src\Services\NSE.Pedido.API\NSE.Pedido.API.csproj", "{E0537DB9-148A-491B-A7EA-91E2E1B6BBAC}"
EndProject
Global
	GlobalSection(SolutionConfigurationPlatforms) = preSolution
		Debug|Any CPU = Debug|Any CPU
		Release|Any CPU = Release|Any CPU
	EndGlobalSection
	GlobalSection(ProjectConfigurationPlatforms) = postSolution
		{8530CE9A-232D-43F1-87D3-667C579D2851}.Debug|Any CPU.ActiveCfg = Debug|Any CPU
		{8530CE9A-232D-43F1-87D3-667C579D2851}.Debug|Any CPU.Build.0 = Debug|Any CPU
		{8530CE9A-232D-43F1-87D3-667C579D2851}.Release|Any CPU.ActiveCfg = Release|Any CPU
		{8530CE9A-232D-43F1-87D3-667C579D2851}.Release|Any CPU.Build.0 = Release|Any CPU
		{AF840D0A-AB93-490E-AEB8-BE2FDDA2EADA}.Debug|Any CPU.ActiveCfg = Debug|Any CPU
		{AF840D0A-AB93-490E-AEB8-BE2FDDA2EADA}.Debug|Any CPU.Build.0 = Debug|Any CPU
		{AF840D0A-AB93-490E-AEB8-BE2FDDA2EADA}.Release|Any CPU.ActiveCfg = Release|Any CPU
		{AF840D0A-AB93-490E-AEB8-BE2FDDA2EADA}.Release|Any CPU.Build.0 = Release|Any CPU
		{0A221F92-6B96-4C90-BA88-7ACB583E324E}.Debug|Any CPU.ActiveCfg = Debug|Any CPU
		{0A221F92-6B96-4C90-BA88-7ACB583E324E}.Debug|Any CPU.Build.0 = Debug|Any CPU
		{0A221F92-6B96-4C90-BA88-7ACB583E324E}.Release|Any CPU.ActiveCfg = Release|Any CPU
		{0A221F92-6B96-4C90-BA88-7ACB583E324E}.Release|Any CPU.Build.0 = Release|Any CPU
		{4ADFD047-CB07-4CA2-9FC5-98877296B86C}.Debug|Any CPU.ActiveCfg = Debug|Any CPU
		{4ADFD047-CB07-4CA2-9FC5-98877296B86C}.Debug|Any CPU.Build.0 = Debug|Any CPU
		{4ADFD047-CB07-4CA2-9FC5-98877296B86C}.Release|Any CPU.ActiveCfg = Release|Any CPU
		{4ADFD047-CB07-4CA2-9FC5-98877296B86C}.Release|Any CPU.Build.0 = Release|Any CPU
		{D79208CE-A2E8-4407-9762-6DCF36C39A1F}.Debug|Any CPU.ActiveCfg = Debug|Any CPU
		{D79208CE-A2E8-4407-9762-6DCF36C39A1F}.Debug|Any CPU.Build.0 = Debug|Any CPU
		{D79208CE-A2E8-4407-9762-6DCF36C39A1F}.Release|Any CPU.ActiveCfg = Release|Any CPU
		{D79208CE-A2E8-4407-9762-6DCF36C39A1F}.Release|Any CPU.Build.0 = Release|Any CPU
		{D2B5822E-0B3E-4444-A9C7-88364E5040AD}.Debug|Any CPU.ActiveCfg = Debug|Any CPU
		{D2B5822E-0B3E-4444-A9C7-88364E5040AD}.Debug|Any CPU.Build.0 = Debug|Any CPU
		{D2B5822E-0B3E-4444-A9C7-88364E5040AD}.Release|Any CPU.ActiveCfg = Release|Any CPU
		{D2B5822E-0B3E-4444-A9C7-88364E5040AD}.Release|Any CPU.Build.0 = Release|Any CPU
		{8D60FA39-5541-4000-9F24-1736FB9B3DA3}.Debug|Any CPU.ActiveCfg = Debug|Any CPU
		{8D60FA39-5541-4000-9F24-1736FB9B3DA3}.Debug|Any CPU.Build.0 = Debug|Any CPU
		{8D60FA39-5541-4000-9F24-1736FB9B3DA3}.Release|Any CPU.ActiveCfg = Release|Any CPU
		{8D60FA39-5541-4000-9F24-1736FB9B3DA3}.Release|Any CPU.Build.0 = Release|Any CPU
		{E0537DB9-148A-491B-A7EA-91E2E1B6BBAC}.Debug|Any CPU.ActiveCfg = Debug|Any CPU
		{E0537DB9-148A-491B-A7EA-91E2E1B6BBAC}.Debug|Any CPU.Build.0 = Debug|Any CPU
		{E0537DB9-148A-491B-A7EA-91E2E1B6BBAC}.Release|Any CPU.ActiveCfg = Release|Any CPU
		{E0537DB9-148A-491B-A7EA-91E2E1B6BBAC}.Release|Any CPU.Build.0 = Release|Any CPU
	EndGlobalSection
	GlobalSection(SolutionProperties) = preSolution
		HideSolutionNode = FALSE
	EndGlobalSection
	GlobalSection(NestedProjects) = preSolution
		{7F19305D-66E5-473E-A3D0-3A6A1A9BE4B6} = {AC05962C-9534-4BA4-9B22-8C711A60972B}
		{39CA91E7-12A5-4869-9430-8A3A757F7591} = {AC05962C-9534-4BA4-9B22-8C711A60972B}
		{FA02384B-F700-462B-BFA4-1742CD41D915} = {AC05962C-9534-4BA4-9B22-8C711A60972B}
		{C9946B01-690D-480F-ADCA-F2ACED7FD87F} = {FA02384B-F700-462B-BFA4-1742CD41D915}
		{72D456EC-B5D6-4001-89B6-521560B75664} = {39CA91E7-12A5-4869-9430-8A3A757F7591}
		{3FB9A50D-B860-42D5-87A1-BE1ACE6B5701} = {7F19305D-66E5-473E-A3D0-3A6A1A9BE4B6}
		{8530CE9A-232D-43F1-87D3-667C579D2851} = {3FB9A50D-B860-42D5-87A1-BE1ACE6B5701}
		{AF840D0A-AB93-490E-AEB8-BE2FDDA2EADA} = {72D456EC-B5D6-4001-89B6-521560B75664}
		{0A221F92-6B96-4C90-BA88-7ACB583E324E} = {C9946B01-690D-480F-ADCA-F2ACED7FD87F}
		{5A6CEE2B-16C7-4370-9BBD-86AC94BD23F6} = {39CA91E7-12A5-4869-9430-8A3A757F7591}
		{C269D6CF-1681-48E2-BF08-4E48801C0B4D} = {39CA91E7-12A5-4869-9430-8A3A757F7591}
		{C61C8C8F-43A8-4678-9ED0-8EB0A13E8041} = {39CA91E7-12A5-4869-9430-8A3A757F7591}
		{096E2183-294B-4FDC-A2FD-03C21E0719A0} = {39CA91E7-12A5-4869-9430-8A3A757F7591}
		{9F8C82F8-4847-4047-B97C-9C3923586A04} = {39CA91E7-12A5-4869-9430-8A3A757F7591}
		{4ADFD047-CB07-4CA2-9FC5-98877296B86C} = {5A6CEE2B-16C7-4370-9BBD-86AC94BD23F6}
		{D79208CE-A2E8-4407-9762-6DCF36C39A1F} = {C269D6CF-1681-48E2-BF08-4E48801C0B4D}
		{D2B5822E-0B3E-4444-A9C7-88364E5040AD} = {C61C8C8F-43A8-4678-9ED0-8EB0A13E8041}
		{8D60FA39-5541-4000-9F24-1736FB9B3DA3} = {096E2183-294B-4FDC-A2FD-03C21E0719A0}
		{E0537DB9-148A-491B-A7EA-91E2E1B6BBAC} = {9F8C82F8-4847-4047-B97C-9C3923586A04}
	EndGlobalSection
	GlobalSection(ExtensibilityGlobals) = postSolution
		SolutionGuid = {F339A92E-D53B-48C7-9A6B-B10A8551A06C}
	EndGlobalSection
EndGlobal
